
Microsoft Visual Studio Solution File, Format Version 12.00
# Visual Studio Version 17
VisualStudioVersion = 17.5.002.0
MinimumVisualStudioVersion = 10.0.40219.1
Project("{9A19103F-16F7-4668-BE54-9A1E7A4F7556}") = "2_Tipos_de_Dados", "2_Tipos_de_Dados\2_Tipos_de_Dados.csproj", "{0B247265-1255-4D08-B254-E00AF42AE833}"
EndProject
Project("{2150E333-8FDC-42A3-9474-1A3956D46DE8}") = "3_Conversao_De_Tipos_De_Dados", "3_Conversao_De_Tipos_De_Dados", "{F7E1867A-0B62-4E88-A01B-3E3C7C0EFEB0}"
EndProject
Project("{FAE04EC0-301F-11D3-BF4B-00C04F79EFBC}") = "Conversao", "3_Conversao_De_Tipos_De_Dados\Conversao\Conversao.csproj", "{DA5B2CAD-CC61-4156-8ED7-0F658B7DCB02}"
EndProject
Project("{2150E333-8FDC-42A3-9474-1A3956D46DE8}") = "4_Operadores_Aritmeticos", "4_Operadores_Aritmeticos", "{3B214A48-7A1D-4CB1-80DB-47503873C7E8}"
EndProject
Project("{FAE04EC0-301F-11D3-BF4B-00C04F79EFBC}") = "4_Operadores_Aritmeticos", "4_Operadores_Aritmeticos\4_Operadores_Aritmeticos.csproj", "{7FC9F8BE-E753-40D0-BAAE-7EEA5C5CCE59}"
EndProject
Project("{2150E333-8FDC-42A3-9474-1A3956D46DE8}") = "5_Operadores_De_Comparacao", "5_Operadores_De_Comparacao", "{FB0F9749-E721-42C0-9433-5633ECEBCB3C}"
EndProject
Project("{FAE04EC0-301F-11D3-BF4B-00C04F79EFBC}") = "5_Operadores_De_Comparacao", "5_Operadores_De_Comparacao\5_Operadores_De_Comparacao.csproj", "{5075D12C-506B-41E8-843D-7BF6589A6553}"
EndProject
Project("{2150E333-8FDC-42A3-9474-1A3956D46DE8}") = "6_Operadores_De_Igualdade", "6_Operadores_De_Igualdade", "{2793F5DC-1283-492C-A311-2E8DF9A61034}"
EndProject
Project("{FAE04EC0-301F-11D3-BF4B-00C04F79EFBC}") = "6_Operadores_De_Igualdade", "6_Operadores_De_Igualdade\6_Operadores_De_Igualdade.csproj", "{DA6F1313-4310-454F-ABD5-EB9FEB80B192}"
EndProject
Project("{2150E333-8FDC-42A3-9474-1A3956D46DE8}") = "7_Operadores_Logicos", "7_Operadores_Logicos", "{9568D904-1750-488E-94D6-243AEC02AA7C}"
EndProject
Project("{FAE04EC0-301F-11D3-BF4B-00C04F79EFBC}") = "7_Operadores_Logicos", "7_Operadores_Logicos\7_Operadores_Logicos.csproj", "{9885EB7C-EA56-4214-B957-BF6E38E55ABA}"
EndProject
Project("{2150E333-8FDC-42A3-9474-1A3956D46DE8}") = "8_Desafio_Mistura_De_Operadores", "8_Desafio_Mistura_De_Operadores", "{DDA1A5EB-13E7-4DF7-83CB-1F92DDF87250}"
EndProject
Project("{FAE04EC0-301F-11D3-BF4B-00C04F79EFBC}") = "8_Desafio_Mistura_De_Operadores", "8_Desafio_Mistura_De_Operadores\8_Desafio_Mistura_De_Operadores.csproj", "{46D100AC-1817-4180-BCF2-CDAA0F12CCB6}"
EndProject
Global
	GlobalSection(SolutionConfigurationPlatforms) = preSolution
		Debug|Any CPU = Debug|Any CPU
		Release|Any CPU = Release|Any CPU
	EndGlobalSection
	GlobalSection(ProjectConfigurationPlatforms) = postSolution
		{0B247265-1255-4D08-B254-E00AF42AE833}.Debug|Any CPU.ActiveCfg = Debug|Any CPU
		{0B247265-1255-4D08-B254-E00AF42AE833}.Debug|Any CPU.Build.0 = Debug|Any CPU
		{0B247265-1255-4D08-B254-E00AF42AE833}.Release|Any CPU.ActiveCfg = Release|Any CPU
		{0B247265-1255-4D08-B254-E00AF42AE833}.Release|Any CPU.Build.0 = Release|Any CPU
		{DA5B2CAD-CC61-4156-8ED7-0F658B7DCB02}.Debug|Any CPU.ActiveCfg = Debug|Any CPU
		{DA5B2CAD-CC61-4156-8ED7-0F658B7DCB02}.Debug|Any CPU.Build.0 = Debug|Any CPU
		{DA5B2CAD-CC61-4156-8ED7-0F658B7DCB02}.Release|Any CPU.ActiveCfg = Release|Any CPU
		{DA5B2CAD-CC61-4156-8ED7-0F658B7DCB02}.Release|Any CPU.Build.0 = Release|Any CPU
		{7FC9F8BE-E753-40D0-BAAE-7EEA5C5CCE59}.Debug|Any CPU.ActiveCfg = Debug|Any CPU
		{7FC9F8BE-E753-40D0-BAAE-7EEA5C5CCE59}.Debug|Any CPU.Build.0 = Debug|Any CPU
		{7FC9F8BE-E753-40D0-BAAE-7EEA5C5CCE59}.Release|Any CPU.ActiveCfg = Release|Any CPU
		{7FC9F8BE-E753-40D0-BAAE-7EEA5C5CCE59}.Release|Any CPU.Build.0 = Release|Any CPU
		{5075D12C-506B-41E8-843D-7BF6589A6553}.Debug|Any CPU.ActiveCfg = Debug|Any CPU
		{5075D12C-506B-41E8-843D-7BF6589A6553}.Debug|Any CPU.Build.0 = Debug|Any CPU
		{5075D12C-506B-41E8-843D-7BF6589A6553}.Release|Any CPU.ActiveCfg = Release|Any CPU
		{5075D12C-506B-41E8-843D-7BF6589A6553}.Release|Any CPU.Build.0 = Release|Any CPU
		{DA6F1313-4310-454F-ABD5-EB9FEB80B192}.Debug|Any CPU.ActiveCfg = Debug|Any CPU
		{DA6F1313-4310-454F-ABD5-EB9FEB80B192}.Debug|Any CPU.Build.0 = Debug|Any CPU
		{DA6F1313-4310-454F-ABD5-EB9FEB80B192}.Release|Any CPU.ActiveCfg = Release|Any CPU
		{DA6F1313-4310-454F-ABD5-EB9FEB80B192}.Release|Any CPU.Build.0 = Release|Any CPU
		{9885EB7C-EA56-4214-B957-BF6E38E55ABA}.Debug|Any CPU.ActiveCfg = Debug|Any CPU
		{9885EB7C-EA56-4214-B957-BF6E38E55ABA}.Debug|Any CPU.Build.0 = Debug|Any CPU
		{9885EB7C-EA56-4214-B957-BF6E38E55ABA}.Release|Any CPU.ActiveCfg = Release|Any CPU
		{9885EB7C-EA56-4214-B957-BF6E38E55ABA}.Release|Any CPU.Build.0 = Release|Any CPU
		{46D100AC-1817-4180-BCF2-CDAA0F12CCB6}.Debug|Any CPU.ActiveCfg = Debug|Any CPU
		{46D100AC-1817-4180-BCF2-CDAA0F12CCB6}.Debug|Any CPU.Build.0 = Debug|Any CPU
		{46D100AC-1817-4180-BCF2-CDAA0F12CCB6}.Release|Any CPU.ActiveCfg = Release|Any CPU
		{46D100AC-1817-4180-BCF2-CDAA0F12CCB6}.Release|Any CPU.Build.0 = Release|Any CPU
	EndGlobalSection
	GlobalSection(SolutionProperties) = preSolution
		HideSolutionNode = FALSE
	EndGlobalSection
	GlobalSection(NestedProjects) = preSolution
		{DA5B2CAD-CC61-4156-8ED7-0F658B7DCB02} = {F7E1867A-0B62-4E88-A01B-3E3C7C0EFEB0}
		{7FC9F8BE-E753-40D0-BAAE-7EEA5C5CCE59} = {3B214A48-7A1D-4CB1-80DB-47503873C7E8}
		{5075D12C-506B-41E8-843D-7BF6589A6553} = {FB0F9749-E721-42C0-9433-5633ECEBCB3C}
		{DA6F1313-4310-454F-ABD5-EB9FEB80B192} = {2793F5DC-1283-492C-A311-2E8DF9A61034}
		{9885EB7C-EA56-4214-B957-BF6E38E55ABA} = {9568D904-1750-488E-94D6-243AEC02AA7C}
		{46D100AC-1817-4180-BCF2-CDAA0F12CCB6} = {DDA1A5EB-13E7-4DF7-83CB-1F92DDF87250}
	EndGlobalSection
	GlobalSection(ExtensibilityGlobals) = postSolution
		SolutionGuid = {35364152-05AA-4E94-A31A-5DF9EE726950}
	EndGlobalSection
EndGlobal
